
Microsoft Visual Studio Solution File, Format Version 12.00
# Visual Studio 2012
Project("{FAE04EC0-301F-11D3-BF4B-00C04F79EFBC}") = "Music_Streaming", "Music_Streaming\Music_Streaming.csproj", "{C925834E-F638-4D4A-AE9E-B0A4C3EDCABA}"
EndProject
Global
	GlobalSection(SolutionConfigurationPlatforms) = preSolution
		Debug|Any CPU = Debug|Any CPU
		Release|Any CPU = Release|Any CPU
	EndGlobalSection
	GlobalSection(ProjectConfigurationPlatforms) = postSolution
		{C925834E-F638-4D4A-AE9E-B0A4C3EDCABA}.Debug|Any CPU.ActiveCfg = Debug|Any CPU
		{C925834E-F638-4D4A-AE9E-B0A4C3EDCABA}.Debug|Any CPU.Build.0 = Debug|Any CPU
		{C925834E-F638-4D4A-AE9E-B0A4C3EDCABA}.Release|Any CPU.ActiveCfg = Release|Any CPU
		{C925834E-F638-4D4A-AE9E-B0A4C3EDCABA}.Release|Any CPU.Build.0 = Release|Any CPU
	EndGlobalSection
	GlobalSection(SolutionProperties) = preSolution
		HideSolutionNode = FALSE
	EndGlobalSection
EndGlobal
